
Microsoft Visual Studio Solution File, Format Version 12.00
# Visual Studio Version 16
VisualStudioVersion = 16.0.31129.286
MinimumVisualStudioVersion = 10.0.40219.1
Project("{FAE04EC0-301F-11D3-BF4B-00C04F79EFBC}") = "Prism.XCT.Popups", "Prism.XCT.Popups\Prism.XCT.Popups.csproj", "{4817EB07-C96B-4F01-8CD3-DBBEF4D31193}"
EndProject
Project("{FAE04EC0-301F-11D3-BF4B-00C04F79EFBC}") = "Prism.XCT.Popups.Android", "Prism.XCT.Popups.Android\Prism.XCT.Popups.Android.csproj", "{070445C6-3DB4-408C-A840-920B9049D493}"
EndProject
Project("{FAE04EC0-301F-11D3-BF4B-00C04F79EFBC}") = "Prism.XCT.Popups.iOS", "Prism.XCT.Popups.iOS\Prism.XCT.Popups.iOS.csproj", "{5DC1313B-E1C8-4045-9F5F-82003228EA09}"
EndProject
Project("{FAE04EC0-301F-11D3-BF4B-00C04F79EFBC}") = "Prism.XCT.Popups.UWP", "Prism.XCT.Popups.UWP\Prism.XCT.Popups.UWP.csproj", "{41D41A37-3733-4F14-AAB3-95750F1CCD4E}"
EndProject
Global
	GlobalSection(SolutionConfigurationPlatforms) = preSolution
		Ad-Hoc|Any CPU = Ad-Hoc|Any CPU
		Ad-Hoc|ARM = Ad-Hoc|ARM
		Ad-Hoc|iPhone = Ad-Hoc|iPhone
		Ad-Hoc|iPhoneSimulator = Ad-Hoc|iPhoneSimulator
		Ad-Hoc|x64 = Ad-Hoc|x64
		Ad-Hoc|x86 = Ad-Hoc|x86
		AppStore|Any CPU = AppStore|Any CPU
		AppStore|ARM = AppStore|ARM
		AppStore|iPhone = AppStore|iPhone
		AppStore|iPhoneSimulator = AppStore|iPhoneSimulator
		AppStore|x64 = AppStore|x64
		AppStore|x86 = AppStore|x86
		Debug|Any CPU = Debug|Any CPU
		Debug|ARM = Debug|ARM
		Debug|iPhone = Debug|iPhone
		Debug|iPhoneSimulator = Debug|iPhoneSimulator
		Debug|x64 = Debug|x64
		Debug|x86 = Debug|x86
		Release|Any CPU = Release|Any CPU
		Release|ARM = Release|ARM
		Release|iPhone = Release|iPhone
		Release|iPhoneSimulator = Release|iPhoneSimulator
		Release|x64 = Release|x64
		Release|x86 = Release|x86
	EndGlobalSection
	GlobalSection(ProjectConfigurationPlatforms) = postSolution
		{4817EB07-C96B-4F01-8CD3-DBBEF4D31193}.Ad-Hoc|Any CPU.ActiveCfg = Debug|Any CPU
		{4817EB07-C96B-4F01-8CD3-DBBEF4D31193}.Ad-Hoc|Any CPU.Build.0 = Debug|Any CPU
		{4817EB07-C96B-4F01-8CD3-DBBEF4D31193}.Ad-Hoc|ARM.ActiveCfg = Debug|Any CPU
		{4817EB07-C96B-4F01-8CD3-DBBEF4D31193}.Ad-Hoc|ARM.Build.0 = Debug|Any CPU
		{4817EB07-C96B-4F01-8CD3-DBBEF4D31193}.Ad-Hoc|iPhone.ActiveCfg = Debug|Any CPU
		{4817EB07-C96B-4F01-8CD3-DBBEF4D31193}.Ad-Hoc|iPhone.Build.0 = Debug|Any CPU
		{4817EB07-C96B-4F01-8CD3-DBBEF4D31193}.Ad-Hoc|iPhoneSimulator.ActiveCfg = Debug|Any CPU
		{4817EB07-C96B-4F01-8CD3-DBBEF4D31193}.Ad-Hoc|iPhoneSimulator.Build.0 = Debug|Any CPU
		{4817EB07-C96B-4F01-8CD3-DBBEF4D31193}.Ad-Hoc|x64.ActiveCfg = Debug|Any CPU
		{4817EB07-C96B-4F01-8CD3-DBBEF4D31193}.Ad-Hoc|x64.Build.0 = Debug|Any CPU
		{4817EB07-C96B-4F01-8CD3-DBBEF4D31193}.Ad-Hoc|x86.ActiveCfg = Debug|Any CPU
		{4817EB07-C96B-4F01-8CD3-DBBEF4D31193}.Ad-Hoc|x86.Build.0 = Debug|Any CPU
		{4817EB07-C96B-4F01-8CD3-DBBEF4D31193}.AppStore|Any CPU.ActiveCfg = Debug|Any CPU
		{4817EB07-C96B-4F01-8CD3-DBBEF4D31193}.AppStore|Any CPU.Build.0 = Debug|Any CPU
		{4817EB07-C96B-4F01-8CD3-DBBEF4D31193}.AppStore|ARM.ActiveCfg = Debug|Any CPU
		{4817EB07-C96B-4F01-8CD3-DBBEF4D31193}.AppStore|ARM.Build.0 = Debug|Any CPU
		{4817EB07-C96B-4F01-8CD3-DBBEF4D31193}.AppStore|iPhone.ActiveCfg = Debug|Any CPU
		{4817EB07-C96B-4F01-8CD3-DBBEF4D31193}.AppStore|iPhone.Build.0 = Debug|Any CPU
		{4817EB07-C96B-4F01-8CD3-DBBEF4D31193}.AppStore|iPhoneSimulator.ActiveCfg = Debug|Any CPU
		{4817EB07-C96B-4F01-8CD3-DBBEF4D31193}.AppStore|iPhoneSimulator.Build.0 = Debug|Any CPU
		{4817EB07-C96B-4F01-8CD3-DBBEF4D31193}.AppStore|x64.ActiveCfg = Debug|Any CPU
		{4817EB07-C96B-4F01-8CD3-DBBEF4D31193}.AppStore|x64.Build.0 = Debug|Any CPU
		{4817EB07-C96B-4F01-8CD3-DBBEF4D31193}.AppStore|x86.ActiveCfg = Debug|Any CPU
		{4817EB07-C96B-4F01-8CD3-DBBEF4D31193}.AppStore|x86.Build.0 = Debug|Any CPU
		{4817EB07-C96B-4F01-8CD3-DBBEF4D31193}.Debug|Any CPU.ActiveCfg = Debug|Any CPU
		{4817EB07-C96B-4F01-8CD3-DBBEF4D31193}.Debug|Any CPU.Build.0 = Debug|Any CPU
		{4817EB07-C96B-4F01-8CD3-DBBEF4D31193}.Debug|ARM.ActiveCfg = Debug|Any CPU
		{4817EB07-C96B-4F01-8CD3-DBBEF4D31193}.Debug|ARM.Build.0 = Debug|Any CPU
		{4817EB07-C96B-4F01-8CD3-DBBEF4D31193}.Debug|iPhone.ActiveCfg = Debug|Any CPU
		{4817EB07-C96B-4F01-8CD3-DBBEF4D31193}.Debug|iPhone.Build.0 = Debug|Any CPU
		{4817EB07-C96B-4F01-8CD3-DBBEF4D31193}.Debug|iPhoneSimulator.ActiveCfg = Debug|Any CPU
		{4817EB07-C96B-4F01-8CD3-DBBEF4D31193}.Debug|iPhoneSimulator.Build.0 = Debug|Any CPU
		{4817EB07-C96B-4F01-8CD3-DBBEF4D31193}.Debug|x64.ActiveCfg = Debug|Any CPU
		{4817EB07-C96B-4F01-8CD3-DBBEF4D31193}.Debug|x64.Build.0 = Debug|Any CPU
		{4817EB07-C96B-4F01-8CD3-DBBEF4D31193}.Debug|x86.ActiveCfg = Debug|Any CPU
		{4817EB07-C96B-4F01-8CD3-DBBEF4D31193}.Debug|x86.Build.0 = Debug|Any CPU
		{4817EB07-C96B-4F01-8CD3-DBBEF4D31193}.Release|Any CPU.ActiveCfg = Release|Any CPU
		{4817EB07-C96B-4F01-8CD3-DBBEF4D31193}.Release|Any CPU.Build.0 = Release|Any CPU
		{4817EB07-C96B-4F01-8CD3-DBBEF4D31193}.Release|ARM.ActiveCfg = Release|Any CPU
		{4817EB07-C96B-4F01-8CD3-DBBEF4D31193}.Release|ARM.Build.0 = Release|Any CPU
		{4817EB07-C96B-4F01-8CD3-DBBEF4D31193}.Release|iPhone.ActiveCfg = Release|Any CPU
		{4817EB07-C96B-4F01-8CD3-DBBEF4D31193}.Release|iPhone.Build.0 = Release|Any CPU
		{4817EB07-C96B-4F01-8CD3-DBBEF4D31193}.Release|iPhoneSimulator.ActiveCfg = Release|Any CPU
		{4817EB07-C96B-4F01-8CD3-DBBEF4D31193}.Release|iPhoneSimulator.Build.0 = Release|Any CPU
		{4817EB07-C96B-4F01-8CD3-DBBEF4D31193}.Release|x64.ActiveCfg = Release|Any CPU
		{4817EB07-C96B-4F01-8CD3-DBBEF4D31193}.Release|x64.Build.0 = Release|Any CPU
		{4817EB07-C96B-4F01-8CD3-DBBEF4D31193}.Release|x86.ActiveCfg = Release|Any CPU
		{4817EB07-C96B-4F01-8CD3-DBBEF4D31193}.Release|x86.Build.0 = Release|Any CPU
		{070445C6-3DB4-408C-A840-920B9049D493}.Ad-Hoc|Any CPU.ActiveCfg = Debug|Any CPU
		{070445C6-3DB4-408C-A840-920B9049D493}.Ad-Hoc|Any CPU.Build.0 = Debug|Any CPU
		{070445C6-3DB4-408C-A840-920B9049D493}.Ad-Hoc|Any CPU.Deploy.0 = Debug|Any CPU
		{070445C6-3DB4-408C-A840-920B9049D493}.Ad-Hoc|ARM.ActiveCfg = Debug|Any CPU
		{070445C6-3DB4-408C-A840-920B9049D493}.Ad-Hoc|ARM.Build.0 = Debug|Any CPU
		{070445C6-3DB4-408C-A840-920B9049D493}.Ad-Hoc|ARM.Deploy.0 = Debug|Any CPU
		{070445C6-3DB4-408C-A840-920B9049D493}.Ad-Hoc|iPhone.ActiveCfg = Debug|Any CPU
		{070445C6-3DB4-408C-A840-920B9049D493}.Ad-Hoc|iPhone.Build.0 = Debug|Any CPU
		{070445C6-3DB4-408C-A840-920B9049D493}.Ad-Hoc|iPhone.Deploy.0 = Debug|Any CPU
		{070445C6-3DB4-408C-A840-920B9049D493}.Ad-Hoc|iPhoneSimulator.ActiveCfg = Debug|Any CPU
		{070445C6-3DB4-408C-A840-920B9049D493}.Ad-Hoc|iPhoneSimulator.Build.0 = Debug|Any CPU
		{070445C6-3DB4-408C-A840-920B9049D493}.Ad-Hoc|iPhoneSimulator.Deploy.0 = Debug|Any CPU
		{070445C6-3DB4-408C-A840-920B9049D493}.Ad-Hoc|x64.ActiveCfg = Debug|Any CPU
		{070445C6-3DB4-408C-A840-920B9049D493}.Ad-Hoc|x64.Build.0 = Debug|Any CPU
		{070445C6-3DB4-408C-A840-920B9049D493}.Ad-Hoc|x64.Deploy.0 = Debug|Any CPU
		{070445C6-3DB4-408C-A840-920B9049D493}.Ad-Hoc|x86.ActiveCfg = Debug|Any CPU
		{070445C6-3DB4-408C-A840-920B9049D493}.Ad-Hoc|x86.Build.0 = Debug|Any CPU
		{070445C6-3DB4-408C-A840-920B9049D493}.Ad-Hoc|x86.Deploy.0 = Debug|Any CPU
		{070445C6-3DB4-408C-A840-920B9049D493}.AppStore|Any CPU.ActiveCfg = Debug|Any CPU
		{070445C6-3DB4-408C-A840-920B9049D493}.AppStore|Any CPU.Build.0 = Debug|Any CPU
		{070445C6-3DB4-408C-A840-920B9049D493}.AppStore|Any CPU.Deploy.0 = Debug|Any CPU
		{070445C6-3DB4-408C-A840-920B9049D493}.AppStore|ARM.ActiveCfg = Debug|Any CPU
		{070445C6-3DB4-408C-A840-920B9049D493}.AppStore|ARM.Build.0 = Debug|Any CPU
		{070445C6-3DB4-408C-A840-920B9049D493}.AppStore|ARM.Deploy.0 = Debug|Any CPU
		{070445C6-3DB4-408C-A840-920B9049D493}.AppStore|iPhone.ActiveCfg = Debug|Any CPU
		{070445C6-3DB4-408C-A840-920B9049D493}.AppStore|iPhone.Build.0 = Debug|Any CPU
		{070445C6-3DB4-408C-A840-920B9049D493}.AppStore|iPhone.Deploy.0 = Debug|Any CPU
		{070445C6-3DB4-408C-A840-920B9049D493}.AppStore|iPhoneSimulator.ActiveCfg = Debug|Any CPU
		{070445C6-3DB4-408C-A840-920B9049D493}.AppStore|iPhoneSimulator.Build.0 = Debug|Any CPU
		{070445C6-3DB4-408C-A840-920B9049D493}.AppStore|iPhoneSimulator.Deploy.0 = Debug|Any CPU
		{070445C6-3DB4-408C-A840-920B9049D493}.AppStore|x64.ActiveCfg = Debug|Any CPU
		{070445C6-3DB4-408C-A840-920B9049D493}.AppStore|x64.Build.0 = Debug|Any CPU
		{070445C6-3DB4-408C-A840-920B9049D493}.AppStore|x64.Deploy.0 = Debug|Any CPU
		{070445C6-3DB4-408C-A840-920B9049D493}.AppStore|x86.ActiveCfg = Debug|Any CPU
		{070445C6-3DB4-408C-A840-920B9049D493}.AppStore|x86.Build.0 = Debug|Any CPU
		{070445C6-3DB4-408C-A840-920B9049D493}.AppStore|x86.Deploy.0 = Debug|Any CPU
		{070445C6-3DB4-408C-A840-920B9049D493}.Debug|Any CPU.ActiveCfg = Debug|Any CPU
		{070445C6-3DB4-408C-A840-920B9049D493}.Debug|Any CPU.Build.0 = Debug|Any CPU
		{070445C6-3DB4-408C-A840-920B9049D493}.Debug|Any CPU.Deploy.0 = Debug|Any CPU
		{070445C6-3DB4-408C-A840-920B9049D493}.Debug|ARM.ActiveCfg = Debug|Any CPU
		{070445C6-3DB4-408C-A840-920B9049D493}.Debug|ARM.Build.0 = Debug|Any CPU
		{070445C6-3DB4-408C-A840-920B9049D493}.Debug|ARM.Deploy.0 = Debug|Any CPU
		{070445C6-3DB4-408C-A840-920B9049D493}.Debug|iPhone.ActiveCfg = Debug|Any CPU
		{070445C6-3DB4-408C-A840-920B9049D493}.Debug|iPhone.Build.0 = Debug|Any CPU
		{070445C6-3DB4-408C-A840-920B9049D493}.Debug|iPhone.Deploy.0 = Debug|Any CPU
		{070445C6-3DB4-408C-A840-920B9049D493}.Debug|iPhoneSimulator.ActiveCfg = Debug|Any CPU
		{070445C6-3DB4-408C-A840-920B9049D493}.Debug|iPhoneSimulator.Build.0 = Debug|Any CPU
		{070445C6-3DB4-408C-A840-920B9049D493}.Debug|iPhoneSimulator.Deploy.0 = Debug|Any CPU
		{070445C6-3DB4-408C-A840-920B9049D493}.Debug|x64.ActiveCfg = Debug|Any CPU
		{070445C6-3DB4-408C-A840-920B9049D493}.Debug|x64.Build.0 = Debug|Any CPU
		{070445C6-3DB4-408C-A840-920B9049D493}.Debug|x64.Deploy.0 = Debug|Any CPU
		{070445C6-3DB4-408C-A840-920B9049D493}.Debug|x86.ActiveCfg = Debug|Any CPU
		{070445C6-3DB4-408C-A840-920B9049D493}.Debug|x86.Build.0 = Debug|Any CPU
		{070445C6-3DB4-408C-A840-920B9049D493}.Debug|x86.Deploy.0 = Debug|Any CPU
		{070445C6-3DB4-408C-A840-920B9049D493}.Release|Any CPU.ActiveCfg = Release|Any CPU
		{070445C6-3DB4-408C-A840-920B9049D493}.Release|Any CPU.Build.0 = Release|Any CPU
		{070445C6-3DB4-408C-A840-920B9049D493}.Release|Any CPU.Deploy.0 = Release|Any CPU
		{070445C6-3DB4-408C-A840-920B9049D493}.Release|ARM.ActiveCfg = Release|Any CPU
		{070445C6-3DB4-408C-A840-920B9049D493}.Release|ARM.Build.0 = Release|Any CPU
		{070445C6-3DB4-408C-A840-920B9049D493}.Release|ARM.Deploy.0 = Release|Any CPU
		{070445C6-3DB4-408C-A840-920B9049D493}.Release|iPhone.ActiveCfg = Release|Any CPU
		{070445C6-3DB4-408C-A840-920B9049D493}.Release|iPhone.Build.0 = Release|Any CPU
		{070445C6-3DB4-408C-A840-920B9049D493}.Release|iPhone.Deploy.0 = Release|Any CPU
		{070445C6-3DB4-408C-A840-920B9049D493}.Release|iPhoneSimulator.ActiveCfg = Release|Any CPU
		{070445C6-3DB4-408C-A840-920B9049D493}.Release|iPhoneSimulator.Build.0 = Release|Any CPU
		{070445C6-3DB4-408C-A840-920B9049D493}.Release|iPhoneSimulator.Deploy.0 = Release|Any CPU
		{070445C6-3DB4-408C-A840-920B9049D493}.Release|x64.ActiveCfg = Release|Any CPU
		{070445C6-3DB4-408C-A840-920B9049D493}.Release|x64.Build.0 = Release|Any CPU
		{070445C6-3DB4-408C-A840-920B9049D493}.Release|x64.Deploy.0 = Release|Any CPU
		{070445C6-3DB4-408C-A840-920B9049D493}.Release|x86.ActiveCfg = Release|Any CPU
		{070445C6-3DB4-408C-A840-920B9049D493}.Release|x86.Build.0 = Release|Any CPU
		{070445C6-3DB4-408C-A840-920B9049D493}.Release|x86.Deploy.0 = Release|Any CPU
		{5DC1313B-E1C8-4045-9F5F-82003228EA09}.Ad-Hoc|Any CPU.ActiveCfg = Ad-Hoc|iPhoneSimulator
		{5DC1313B-E1C8-4045-9F5F-82003228EA09}.Ad-Hoc|ARM.ActiveCfg = Ad-Hoc|iPhoneSimulator
		{5DC1313B-E1C8-4045-9F5F-82003228EA09}.Ad-Hoc|iPhone.ActiveCfg = Ad-Hoc|iPhone
		{5DC1313B-E1C8-4045-9F5F-82003228EA09}.Ad-Hoc|iPhone.Build.0 = Ad-Hoc|iPhone
		{5DC1313B-E1C8-4045-9F5F-82003228EA09}.Ad-Hoc|iPhoneSimulator.ActiveCfg = Ad-Hoc|iPhoneSimulator
		{5DC1313B-E1C8-4045-9F5F-82003228EA09}.Ad-Hoc|iPhoneSimulator.Build.0 = Ad-Hoc|iPhoneSimulator
		{5DC1313B-E1C8-4045-9F5F-82003228EA09}.Ad-Hoc|x64.ActiveCfg = Ad-Hoc|iPhoneSimulator
		{5DC1313B-E1C8-4045-9F5F-82003228EA09}.Ad-Hoc|x86.ActiveCfg = Ad-Hoc|iPhoneSimulator
		{5DC1313B-E1C8-4045-9F5F-82003228EA09}.AppStore|Any CPU.ActiveCfg = AppStore|iPhoneSimulator
		{5DC1313B-E1C8-4045-9F5F-82003228EA09}.AppStore|ARM.ActiveCfg = AppStore|iPhoneSimulator
		{5DC1313B-E1C8-4045-9F5F-82003228EA09}.AppStore|iPhone.ActiveCfg = AppStore|iPhone
		{5DC1313B-E1C8-4045-9F5F-82003228EA09}.AppStore|iPhone.Build.0 = AppStore|iPhone
		{5DC1313B-E1C8-4045-9F5F-82003228EA09}.AppStore|iPhoneSimulator.ActiveCfg = AppStore|iPhoneSimulator
		{5DC1313B-E1C8-4045-9F5F-82003228EA09}.AppStore|iPhoneSimulator.Build.0 = AppStore|iPhoneSimulator
		{5DC1313B-E1C8-4045-9F5F-82003228EA09}.AppStore|x64.ActiveCfg = AppStore|iPhoneSimulator
		{5DC1313B-E1C8-4045-9F5F-82003228EA09}.AppStore|x86.ActiveCfg = AppStore|iPhoneSimulator
		{5DC1313B-E1C8-4045-9F5F-82003228EA09}.Debug|Any CPU.ActiveCfg = Debug|iPhoneSimulator
		{5DC1313B-E1C8-4045-9F5F-82003228EA09}.Debug|ARM.ActiveCfg = Debug|iPhoneSimulator
		{5DC1313B-E1C8-4045-9F5F-82003228EA09}.Debug|iPhone.ActiveCfg = Debug|iPhone
		{5DC1313B-E1C8-4045-9F5F-82003228EA09}.Debug|iPhone.Build.0 = Debug|iPhone
		{5DC1313B-E1C8-4045-9F5F-82003228EA09}.Debug|iPhoneSimulator.ActiveCfg = Debug|iPhoneSimulator
		{5DC1313B-E1C8-4045-9F5F-82003228EA09}.Debug|iPhoneSimulator.Build.0 = Debug|iPhoneSimulator
		{5DC1313B-E1C8-4045-9F5F-82003228EA09}.Debug|x64.ActiveCfg = Debug|iPhoneSimulator
		{5DC1313B-E1C8-4045-9F5F-82003228EA09}.Debug|x86.ActiveCfg = Debug|iPhoneSimulator
		{5DC1313B-E1C8-4045-9F5F-82003228EA09}.Release|Any CPU.ActiveCfg = Release|iPhoneSimulator
		{5DC1313B-E1C8-4045-9F5F-82003228EA09}.Release|ARM.ActiveCfg = Release|iPhoneSimulator
		{5DC1313B-E1C8-4045-9F5F-82003228EA09}.Release|iPhone.ActiveCfg = Release|iPhone
		{5DC1313B-E1C8-4045-9F5F-82003228EA09}.Release|iPhone.Build.0 = Release|iPhone
		{5DC1313B-E1C8-4045-9F5F-82003228EA09}.Release|iPhoneSimulator.ActiveCfg = Release|iPhoneSimulator
		{5DC1313B-E1C8-4045-9F5F-82003228EA09}.Release|iPhoneSimulator.Build.0 = Release|iPhoneSimulator
		{5DC1313B-E1C8-4045-9F5F-82003228EA09}.Release|x64.ActiveCfg = Release|iPhoneSimulator
		{5DC1313B-E1C8-4045-9F5F-82003228EA09}.Release|x86.ActiveCfg = Release|iPhoneSimulator
		{41D41A37-3733-4F14-AAB3-95750F1CCD4E}.Ad-Hoc|Any CPU.ActiveCfg = Debug|ARM
		{41D41A37-3733-4F14-AAB3-95750F1CCD4E}.Ad-Hoc|Any CPU.Build.0 = Debug|ARM
		{41D41A37-3733-4F14-AAB3-95750F1CCD4E}.Ad-Hoc|Any CPU.Deploy.0 = Debug|ARM
		{41D41A37-3733-4F14-AAB3-95750F1CCD4E}.Ad-Hoc|ARM.ActiveCfg = Debug|ARM
		{41D41A37-3733-4F14-AAB3-95750F1CCD4E}.Ad-Hoc|ARM.Build.0 = Debug|ARM
		{41D41A37-3733-4F14-AAB3-95750F1CCD4E}.Ad-Hoc|ARM.Deploy.0 = Debug|ARM
		{41D41A37-3733-4F14-AAB3-95750F1CCD4E}.Ad-Hoc|iPhone.ActiveCfg = Debug|ARM
		{41D41A37-3733-4F14-AAB3-95750F1CCD4E}.Ad-Hoc|iPhone.Build.0 = Debug|ARM
		{41D41A37-3733-4F14-AAB3-95750F1CCD4E}.Ad-Hoc|iPhone.Deploy.0 = Debug|ARM
		{41D41A37-3733-4F14-AAB3-95750F1CCD4E}.Ad-Hoc|iPhoneSimulator.ActiveCfg = Debug|ARM
		{41D41A37-3733-4F14-AAB3-95750F1CCD4E}.Ad-Hoc|iPhoneSimulator.Build.0 = Debug|ARM
		{41D41A37-3733-4F14-AAB3-95750F1CCD4E}.Ad-Hoc|iPhoneSimulator.Deploy.0 = Debug|ARM
		{41D41A37-3733-4F14-AAB3-95750F1CCD4E}.Ad-Hoc|x64.ActiveCfg = Debug|x64
		{41D41A37-3733-4F14-AAB3-95750F1CCD4E}.Ad-Hoc|x64.Build.0 = Debug|x64
		{41D41A37-3733-4F14-AAB3-95750F1CCD4E}.Ad-Hoc|x64.Deploy.0 = Debug|x64
		{41D41A37-3733-4F14-AAB3-95750F1CCD4E}.Ad-Hoc|x86.ActiveCfg = Debug|x86
		{41D41A37-3733-4F14-AAB3-95750F1CCD4E}.Ad-Hoc|x86.Build.0 = Debug|x86
		{41D41A37-3733-4F14-AAB3-95750F1CCD4E}.Ad-Hoc|x86.Deploy.0 = Debug|x86
		{41D41A37-3733-4F14-AAB3-95750F1CCD4E}.AppStore|Any CPU.ActiveCfg = Debug|ARM
		{41D41A37-3733-4F14-AAB3-95750F1CCD4E}.AppStore|Any CPU.Build.0 = Debug|ARM
		{41D41A37-3733-4F14-AAB3-95750F1CCD4E}.AppStore|Any CPU.Deploy.0 = Debug|ARM
		{41D41A37-3733-4F14-AAB3-95750F1CCD4E}.AppStore|ARM.ActiveCfg = Debug|ARM
		{41D41A37-3733-4F14-AAB3-95750F1CCD4E}.AppStore|ARM.Build.0 = Debug|ARM
		{41D41A37-3733-4F14-AAB3-95750F1CCD4E}.AppStore|ARM.Deploy.0 = Debug|ARM
		{41D41A37-3733-4F14-AAB3-95750F1CCD4E}.AppStore|iPhone.ActiveCfg = Debug|ARM
		{41D41A37-3733-4F14-AAB3-95750F1CCD4E}.AppStore|iPhone.Build.0 = Debug|ARM
		{41D41A37-3733-4F14-AAB3-95750F1CCD4E}.AppStore|iPhone.Deploy.0 = Debug|ARM
		{41D41A37-3733-4F14-AAB3-95750F1CCD4E}.AppStore|iPhoneSimulator.ActiveCfg = Debug|ARM
		{41D41A37-3733-4F14-AAB3-95750F1CCD4E}.AppStore|iPhoneSimulator.Build.0 = Debug|ARM
		{41D41A37-3733-4F14-AAB3-95750F1CCD4E}.AppStore|iPhoneSimulator.Deploy.0 = Debug|ARM
		{41D41A37-3733-4F14-AAB3-95750F1CCD4E}.AppStore|x64.ActiveCfg = Debug|x64
		{41D41A37-3733-4F14-AAB3-95750F1CCD4E}.AppStore|x64.Build.0 = Debug|x64
		{41D41A37-3733-4F14-AAB3-95750F1CCD4E}.AppStore|x64.Deploy.0 = Debug|x64
		{41D41A37-3733-4F14-AAB3-95750F1CCD4E}.AppStore|x86.ActiveCfg = Debug|x86
		{41D41A37-3733-4F14-AAB3-95750F1CCD4E}.AppStore|x86.Build.0 = Debug|x86
		{41D41A37-3733-4F14-AAB3-95750F1CCD4E}.AppStore|x86.Deploy.0 = Debug|x86
		{41D41A37-3733-4F14-AAB3-95750F1CCD4E}.Debug|Any CPU.ActiveCfg = Debug|x86
		{41D41A37-3733-4F14-AAB3-95750F1CCD4E}.Debug|ARM.ActiveCfg = Debug|ARM
		{41D41A37-3733-4F14-AAB3-95750F1CCD4E}.Debug|ARM.Build.0 = Debug|ARM
		{41D41A37-3733-4F14-AAB3-95750F1CCD4E}.Debug|ARM.Deploy.0 = Debug|ARM
		{41D41A37-3733-4F14-AAB3-95750F1CCD4E}.Debug|iPhone.ActiveCfg = Debug|x86
		{41D41A37-3733-4F14-AAB3-95750F1CCD4E}.Debug|iPhoneSimulator.ActiveCfg = Debug|x86
		{41D41A37-3733-4F14-AAB3-95750F1CCD4E}.Debug|x64.ActiveCfg = Debug|x64
		{41D41A37-3733-4F14-AAB3-95750F1CCD4E}.Debug|x64.Build.0 = Debug|x64
		{41D41A37-3733-4F14-AAB3-95750F1CCD4E}.Debug|x64.Deploy.0 = Debug|x64
		{41D41A37-3733-4F14-AAB3-95750F1CCD4E}.Debug|x86.ActiveCfg = Debug|x86
		{41D41A37-3733-4F14-AAB3-95750F1CCD4E}.Debug|x86.Build.0 = Debug|x86
		{41D41A37-3733-4F14-AAB3-95750F1CCD4E}.Debug|x86.Deploy.0 = Debug|x86
		{41D41A37-3733-4F14-AAB3-95750F1CCD4E}.Release|Any CPU.ActiveCfg = Release|x86
		{41D41A37-3733-4F14-AAB3-95750F1CCD4E}.Release|ARM.ActiveCfg = Release|ARM
		{41D41A37-3733-4F14-AAB3-95750F1CCD4E}.Release|ARM.Build.0 = Release|ARM
		{41D41A37-3733-4F14-AAB3-95750F1CCD4E}.Release|ARM.Deploy.0 = Release|ARM
		{41D41A37-3733-4F14-AAB3-95750F1CCD4E}.Release|iPhone.ActiveCfg = Release|x86
		{41D41A37-3733-4F14-AAB3-95750F1CCD4E}.Release|iPhoneSimulator.ActiveCfg = Release|x86
		{41D41A37-3733-4F14-AAB3-95750F1CCD4E}.Release|x64.ActiveCfg = Release|x64
		{41D41A37-3733-4F14-AAB3-95750F1CCD4E}.Release|x64.Build.0 = Release|x64
		{41D41A37-3733-4F14-AAB3-95750F1CCD4E}.Release|x64.Deploy.0 = Release|x64
		{41D41A37-3733-4F14-AAB3-95750F1CCD4E}.Release|x86.ActiveCfg = Release|x86
		{41D41A37-3733-4F14-AAB3-95750F1CCD4E}.Release|x86.Build.0 = Release|x86
		{41D41A37-3733-4F14-AAB3-95750F1CCD4E}.Release|x86.Deploy.0 = Release|x86
	EndGlobalSection
	GlobalSection(SolutionProperties) = preSolution
		HideSolutionNode = FALSE
	EndGlobalSection
	GlobalSection(ExtensibilityGlobals) = postSolution
		SolutionGuid = {85BB1192-82C3-4E7F-97B8-C13F49EF739F}
	EndGlobalSection
EndGlobal
