
Microsoft Visual Studio Solution File, Format Version 12.00
# Visual Studio Version 16
VisualStudioVersion = 16.0.809.10
MinimumVisualStudioVersion = 10.0.40219.1
Project("{FAE04EC0-301F-11D3-BF4B-00C04F79EFBC}") = "XCT.Popups.Prism", "XCT.Popups.Prism.csproj", "{AC7090F4-76F5-47EA-9D4A-E989B153985F}"
EndProject
Global
	GlobalSection(SolutionConfigurationPlatforms) = preSolution
		Debug|Any CPU = Debug|Any CPU
		Release|Any CPU = Release|Any CPU
	EndGlobalSection
	GlobalSection(ProjectConfigurationPlatforms) = postSolution
		{AC7090F4-76F5-47EA-9D4A-E989B153985F}.Debug|Any CPU.ActiveCfg = Debug|Any CPU
		{AC7090F4-76F5-47EA-9D4A-E989B153985F}.Debug|Any CPU.Build.0 = Debug|Any CPU
		{AC7090F4-76F5-47EA-9D4A-E989B153985F}.Release|Any CPU.ActiveCfg = Release|Any CPU
		{AC7090F4-76F5-47EA-9D4A-E989B153985F}.Release|Any CPU.Build.0 = Release|Any CPU
	EndGlobalSection
	GlobalSection(SolutionProperties) = preSolution
		HideSolutionNode = FALSE
	EndGlobalSection
	GlobalSection(ExtensibilityGlobals) = postSolution
		SolutionGuid = {BB2518E4-333F-4727-962D-A456D4BFF8BC}
	EndGlobalSection
EndGlobal
